{
    "name": "odin.js",
    "version": "1.0.0",
    "lockfileVersion": 2,
    "requires": true,
    "packages": {
        "": {
            "name": "odin.js",
            "version": "1.0.0",
            "license": "MIT",
            "dependencies": {
                "dopri": "^0.0.9",
                "random": "^2.2.0"
            }
        },
        "node_modules/babel-runtime": {
            "version": "6.26.0",
            "resolved": "https://registry.npmjs.org/babel-runtime/-/babel-runtime-6.26.0.tgz",
            "integrity": "sha512-ITKNuq2wKlW1fJg9sSW52eepoYgZBggvOAHC0u/CYu/qxQ9EVzThCgR69BnSXLHjy2f7SY5zaQ4yt7H9ZVxY2g==",
            "dependencies": {
                "core-js": "^2.4.0",
                "regenerator-runtime": "^0.11.0"
            }
        },
        "node_modules/core-js": {
            "version": "2.6.12",
            "resolved": "https://registry.npmjs.org/core-js/-/core-js-2.6.12.tgz",
            "integrity": "sha512-Kb2wC0fvsWfQrgk8HU5lW6U/Lcs8+9aaYcy4ZFc6DDlo4nZ7n70dEgE5rtR0oG6ufKDUnrwfWL1mXR5ljDatrQ==",
            "deprecated": "core-js@<3.4 is no longer maintained and not recommended for usage due to the number of issues. Because of the V8 engine whims, feature detection in old core-js versions could cause a slowdown up to 100x even if nothing is polyfilled. Please, upgrade your dependencies to the actual version of core-js.",
            "hasInstallScript": true
        },
        "node_modules/dopri": {
            "version": "0.0.9",
            "resolved": "https://registry.npmjs.org/dopri/-/dopri-0.0.9.tgz",
            "integrity": "sha512-SseN+0BeV9ZhXHJlNOpPrXFNBGEjFS5h8X1xR3Ew4IvDvNz7lGyLYGOIVKcFT1kK8EpPjVhN6NroCKx+pWqe5g=="
        },
        "node_modules/ow": {
            "version": "0.4.0",
            "resolved": "https://registry.npmjs.org/ow/-/ow-0.4.0.tgz",
            "integrity": "sha512-kJNzxUgVd6EF5LoGs+s2/etJPwjfRDLXPTCfEgV8At77sRrV+PSFA8lcoW2HF15Qd455mIR2Stee/2MzDiFBDA==",
            "engines": {
                "node": ">=6"
            }
        },
        "node_modules/ow-lite": {
            "version": "0.0.2",
            "resolved": "https://registry.npmjs.org/ow-lite/-/ow-lite-0.0.2.tgz",
            "integrity": "sha512-5PorMvUhPJACq2HOX54idr9TkRKPhzXIEu7DlM1iiVQoKC4rR8FAJND3bkOOiyGOgq6Ve7vh32o8Pfimr7tM4Q==",
            "engines": {
                "node": ">=6"
            }
        },
        "node_modules/random": {
            "version": "2.2.0",
            "resolved": "https://registry.npmjs.org/random/-/random-2.2.0.tgz",
            "integrity": "sha512-4HBR4Xye4jJ41QBi6RfIaO1yKQpxVUZafQtdE6NvvjzirNlwWgsk3tkGLTbQtWUarF4ofZsUVEmWqB1TDQlkwA==",
            "dependencies": {
                "babel-runtime": "^6.26.0",
                "ow": "^0.4.0",
                "ow-lite": "^0.0.2",
                "seedrandom": "^3.0.5"
            },
            "engines": {
                "node": ">=8"
            }
        },
        "node_modules/regenerator-runtime": {
            "version": "0.11.1",
            "resolved": "https://registry.npmjs.org/regenerator-runtime/-/regenerator-runtime-0.11.1.tgz",
            "integrity": "sha512-MguG95oij0fC3QV3URf4V2SDYGJhJnJGqvIIgdECeODCT98wSWDAJ94SSuVpYQUoTcGUIL6L4yNB7j1DFFHSBg=="
        },
        "node_modules/seedrandom": {
            "version": "3.0.5",
            "resolved": "https://registry.npmjs.org/seedrandom/-/seedrandom-3.0.5.tgz",
            "integrity": "sha512-8OwmbklUNzwezjGInmZ+2clQmExQPvomqjL7LFqOYqtmuxRgQYqOD3mHaU+MvZn5FLUeVxVfQjwLZW/n/JFuqg=="
        }
    },
    "dependencies": {
        "babel-runtime": {
            "version": "6.26.0",
            "resolved": "https://registry.npmjs.org/babel-runtime/-/babel-runtime-6.26.0.tgz",
            "integrity": "sha512-ITKNuq2wKlW1fJg9sSW52eepoYgZBggvOAHC0u/CYu/qxQ9EVzThCgR69BnSXLHjy2f7SY5zaQ4yt7H9ZVxY2g==",
            "requires": {
                "core-js": "^2.4.0",
                "regenerator-runtime": "^0.11.0"
            }
        },
        "core-js": {
            "version": "2.6.12",
            "resolved": "https://registry.npmjs.org/core-js/-/core-js-2.6.12.tgz",
            "integrity": "sha512-Kb2wC0fvsWfQrgk8HU5lW6U/Lcs8+9aaYcy4ZFc6DDlo4nZ7n70dEgE5rtR0oG6ufKDUnrwfWL1mXR5ljDatrQ=="
        },
        "dopri": {
            "version": "0.0.9",
            "resolved": "https://registry.npmjs.org/dopri/-/dopri-0.0.9.tgz",
            "integrity": "sha512-SseN+0BeV9ZhXHJlNOpPrXFNBGEjFS5h8X1xR3Ew4IvDvNz7lGyLYGOIVKcFT1kK8EpPjVhN6NroCKx+pWqe5g=="
        },
        "ow": {
            "version": "0.4.0",
            "resolved": "https://registry.npmjs.org/ow/-/ow-0.4.0.tgz",
            "integrity": "sha512-kJNzxUgVd6EF5LoGs+s2/etJPwjfRDLXPTCfEgV8At77sRrV+PSFA8lcoW2HF15Qd455mIR2Stee/2MzDiFBDA=="
        },
        "ow-lite": {
            "version": "0.0.2",
            "resolved": "https://registry.npmjs.org/ow-lite/-/ow-lite-0.0.2.tgz",
            "integrity": "sha512-5PorMvUhPJACq2HOX54idr9TkRKPhzXIEu7DlM1iiVQoKC4rR8FAJND3bkOOiyGOgq6Ve7vh32o8Pfimr7tM4Q=="
        },
        "random": {
            "version": "2.2.0",
            "resolved": "https://registry.npmjs.org/random/-/random-2.2.0.tgz",
            "integrity": "sha512-4HBR4Xye4jJ41QBi6RfIaO1yKQpxVUZafQtdE6NvvjzirNlwWgsk3tkGLTbQtWUarF4ofZsUVEmWqB1TDQlkwA==",
            "requires": {
                "babel-runtime": "^6.26.0",
                "ow": "^0.4.0",
                "ow-lite": "^0.0.2",
                "seedrandom": "^3.0.5"
            }
        },
        "regenerator-runtime": {
            "version": "0.11.1",
            "resolved": "https://registry.npmjs.org/regenerator-runtime/-/regenerator-runtime-0.11.1.tgz",
            "integrity": "sha512-MguG95oij0fC3QV3URf4V2SDYGJhJnJGqvIIgdECeODCT98wSWDAJ94SSuVpYQUoTcGUIL6L4yNB7j1DFFHSBg=="
        },
        "seedrandom": {
            "version": "3.0.5",
            "resolved": "https://registry.npmjs.org/seedrandom/-/seedrandom-3.0.5.tgz",
            "integrity": "sha512-8OwmbklUNzwezjGInmZ+2clQmExQPvomqjL7LFqOYqtmuxRgQYqOD3mHaU+MvZn5FLUeVxVfQjwLZW/n/JFuqg=="
        }
    }
}
